
Microsoft Visual Studio Solution File, Format Version 11.00
# Visual Studio 2010
Project("{FAE04EC0-301F-11D3-BF4B-00C04F79EFBC}") = "ad_openid_aspnetmvc", "ad_openid_aspnetmvc.csproj", "{48420E94-7362-4720-BD16-601496F51A9C}"
EndProject
Global
	GlobalSection(SolutionConfigurationPlatforms) = preSolution
		Debug|Any CPU = Debug|Any CPU
		Release|Any CPU = Release|Any CPU
	EndGlobalSection
	GlobalSection(ProjectConfigurationPlatforms) = postSolution
		{48420E94-7362-4720-BD16-601496F51A9C}.Debug|Any CPU.ActiveCfg = Debug|Any CPU
		{48420E94-7362-4720-BD16-601496F51A9C}.Debug|Any CPU.Build.0 = Debug|Any CPU
		{48420E94-7362-4720-BD16-601496F51A9C}.Release|Any CPU.ActiveCfg = Release|Any CPU
		{48420E94-7362-4720-BD16-601496F51A9C}.Release|Any CPU.Build.0 = Release|Any CPU
	EndGlobalSection
	GlobalSection(SolutionProperties) = preSolution
		HideSolutionNode = FALSE
	EndGlobalSection
EndGlobal
